
Microsoft Visual Studio Solution File, Format Version 12.00
# Visual Studio Version 17
VisualStudioVersion = 17.10.34916.146
MinimumVisualStudioVersion = 10.0.40219.1
Project("{FAE04EC0-301F-11D3-BF4B-00C04F79EFBC}") = "TreeViewGenerator", "TreeViewGenerator\TreeViewGenerator.csproj", "{70220B6C-4E2B-4CE8-83C8-F0C7CE2AC918}"
EndProject
Global
	GlobalSection(SolutionConfigurationPlatforms) = preSolution
		Debug|Any CPU = Debug|Any CPU
		Release|Any CPU = Release|Any CPU
	EndGlobalSection
	GlobalSection(ProjectConfigurationPlatforms) = postSolution
		{70220B6C-4E2B-4CE8-83C8-F0C7CE2AC918}.Debug|Any CPU.ActiveCfg = Debug|Any CPU
		{70220B6C-4E2B-4CE8-83C8-F0C7CE2AC918}.Debug|Any CPU.Build.0 = Debug|Any CPU
		{70220B6C-4E2B-4CE8-83C8-F0C7CE2AC918}.Release|Any CPU.ActiveCfg = Release|Any CPU
		{70220B6C-4E2B-4CE8-83C8-F0C7CE2AC918}.Release|Any CPU.Build.0 = Release|Any CPU
	EndGlobalSection
	GlobalSection(SolutionProperties) = preSolution
		HideSolutionNode = FALSE
	EndGlobalSection
	GlobalSection(ExtensibilityGlobals) = postSolution
		SolutionGuid = {8CF31BB9-DE88-413C-8A47-A82460493C9B}
	EndGlobalSection
EndGlobal
