
Microsoft Visual Studio Solution File, Format Version 12.00
# Visual Studio Version 17
VisualStudioVersion = 17.10.34916.146
MinimumVisualStudioVersion = 10.0.40219.1
Project("{FAE04EC0-301F-11D3-BF4B-00C04F79EFBC}") = "SplittingTeaPot", "SplittingTeaPot\SplittingTeaPot.csproj", "{DF61B148-5321-47A5-8DE2-1D9998D90A11}"
EndProject
Global
	GlobalSection(SolutionConfigurationPlatforms) = preSolution
		Debug|Any CPU = Debug|Any CPU
		Release|Any CPU = Release|Any CPU
	EndGlobalSection
	GlobalSection(ProjectConfigurationPlatforms) = postSolution
		{DF61B148-5321-47A5-8DE2-1D9998D90A11}.Debug|Any CPU.ActiveCfg = Debug|Any CPU
		{DF61B148-5321-47A5-8DE2-1D9998D90A11}.Debug|Any CPU.Build.0 = Debug|Any CPU
		{DF61B148-5321-47A5-8DE2-1D9998D90A11}.Release|Any CPU.ActiveCfg = Release|Any CPU
		{DF61B148-5321-47A5-8DE2-1D9998D90A11}.Release|Any CPU.Build.0 = Release|Any CPU
	EndGlobalSection
	GlobalSection(SolutionProperties) = preSolution
		HideSolutionNode = FALSE
	EndGlobalSection
	GlobalSection(ExtensibilityGlobals) = postSolution
		SolutionGuid = {1E907882-8443-4DBA-B939-6852C3DA779D}
	EndGlobalSection
EndGlobal
